Microsoft Visual Studio Solution File, Format Version 12.00
# Visual Studio 15
VisualStudioVersion = 15.0.26430.6
MinimumVisualStudioVersion = 15.0.26124.0
Project("{2150E333-8FDC-42A3-9474-1A3956D46DE8}") = "src", "src", "{216313D8-917F-430F-9524-355124BE6ECB}"
EndProject
Project("{FAE04EC0-301F-11D3-BF4B-00C04F79EFBC}") = "NatsSimpleClient", "src\NatsSimpleClient\NatsSimpleClient.csproj", "{610202E0-6AE4-41DA-8258-B12CACD15107}"
EndProject
Project("{FAE04EC0-301F-11D3-BF4B-00C04F79EFBC}") = "NatsSimpleClient.Test", "src\NatsSimpleClient.Test\NatsSimpleClient.Test.csproj", "{CE978F07-4951-43B1-B68E-77F30F638805}"
EndProject
Project("{FAE04EC0-301F-11D3-BF4B-00C04F79EFBC}") = "NatsSimpleClient.BenchMark", "src\NatsSimpleClient.BenchMark\NatsSimpleClient.BenchMark.csproj", "{3F68DF9C-07A2-4DA7-99B7-B4479B7F1328}"
EndProject
Project("{2150E333-8FDC-42A3-9474-1A3956D46DE8}") = "examples", "examples", "{0F5EDC90-14CD-40BD-AE43-AC830C2EE34E}"
EndProject
Project("{FAE04EC0-301F-11D3-BF4B-00C04F79EFBC}") = "PubSub", "examples\PubSub\PubSub.csproj", "{3B16A204-8C48-41A7-8D4E-FC5F2F84A37B}"
EndProject
Project("{FAE04EC0-301F-11D3-BF4B-00C04F79EFBC}") = "ReqRep", "examples\ReqRep\ReqRep.csproj", "{93154151-79BD-4B34-865D-9BE59AF63A9F}"
EndProject
Global
	GlobalSection(SolutionConfigurationPlatforms) = preSolution
		Debug|Any CPU = Debug|Any CPU
		Debug|x64 = Debug|x64
		Debug|x86 = Debug|x86
		Release|Any CPU = Release|Any CPU
		Release|x64 = Release|x64
		Release|x86 = Release|x86
	EndGlobalSection
	GlobalSection(ProjectConfigurationPlatforms) = postSolution
		{610202E0-6AE4-41DA-8258-B12CACD15107}.Debug|Any CPU.ActiveCfg = Debug|Any CPU
		{610202E0-6AE4-41DA-8258-B12CACD15107}.Debug|Any CPU.Build.0 = Debug|Any CPU
		{610202E0-6AE4-41DA-8258-B12CACD15107}.Debug|x64.ActiveCfg = Debug|Any CPU
		{610202E0-6AE4-41DA-8258-B12CACD15107}.Debug|x64.Build.0 = Debug|Any CPU
		{610202E0-6AE4-41DA-8258-B12CACD15107}.Debug|x86.ActiveCfg = Debug|Any CPU
		{610202E0-6AE4-41DA-8258-B12CACD15107}.Debug|x86.Build.0 = Debug|Any CPU
		{610202E0-6AE4-41DA-8258-B12CACD15107}.Release|Any CPU.ActiveCfg = Release|Any CPU
		{610202E0-6AE4-41DA-8258-B12CACD15107}.Release|Any CPU.Build.0 = Release|Any CPU
		{610202E0-6AE4-41DA-8258-B12CACD15107}.Release|x64.ActiveCfg = Release|Any CPU
		{610202E0-6AE4-41DA-8258-B12CACD15107}.Release|x64.Build.0 = Release|Any CPU
		{610202E0-6AE4-41DA-8258-B12CACD15107}.Release|x86.ActiveCfg = Release|Any CPU
		{610202E0-6AE4-41DA-8258-B12CACD15107}.Release|x86.Build.0 = Release|Any CPU
		{CE978F07-4951-43B1-B68E-77F30F638805}.Debug|Any CPU.ActiveCfg = Debug|Any CPU
		{CE978F07-4951-43B1-B68E-77F30F638805}.Debug|Any CPU.Build.0 = Debug|Any CPU
		{CE978F07-4951-43B1-B68E-77F30F638805}.Debug|x64.ActiveCfg = Debug|Any CPU
		{CE978F07-4951-43B1-B68E-77F30F638805}.Debug|x64.Build.0 = Debug|Any CPU
		{CE978F07-4951-43B1-B68E-77F30F638805}.Debug|x86.ActiveCfg = Debug|Any CPU
		{CE978F07-4951-43B1-B68E-77F30F638805}.Debug|x86.Build.0 = Debug|Any CPU
		{CE978F07-4951-43B1-B68E-77F30F638805}.Release|Any CPU.ActiveCfg = Release|Any CPU
		{CE978F07-4951-43B1-B68E-77F30F638805}.Release|Any CPU.Build.0 = Release|Any CPU
		{CE978F07-4951-43B1-B68E-77F30F638805}.Release|x64.ActiveCfg = Release|Any CPU
		{CE978F07-4951-43B1-B68E-77F30F638805}.Release|x64.Build.0 = Release|Any CPU
		{CE978F07-4951-43B1-B68E-77F30F638805}.Release|x86.ActiveCfg = Release|Any CPU
		{CE978F07-4951-43B1-B68E-77F30F638805}.Release|x86.Build.0 = Release|Any CPU
		{3F68DF9C-07A2-4DA7-99B7-B4479B7F1328}.Debug|Any CPU.ActiveCfg = Debug|Any CPU
		{3F68DF9C-07A2-4DA7-99B7-B4479B7F1328}.Debug|Any CPU.Build.0 = Debug|Any CPU
		{3F68DF9C-07A2-4DA7-99B7-B4479B7F1328}.Debug|x64.ActiveCfg = Debug|Any CPU
		{3F68DF9C-07A2-4DA7-99B7-B4479B7F1328}.Debug|x64.Build.0 = Debug|Any CPU
		{3F68DF9C-07A2-4DA7-99B7-B4479B7F1328}.Debug|x86.ActiveCfg = Debug|Any CPU
		{3F68DF9C-07A2-4DA7-99B7-B4479B7F1328}.Debug|x86.Build.0 = Debug|Any CPU
		{3F68DF9C-07A2-4DA7-99B7-B4479B7F1328}.Release|Any CPU.ActiveCfg = Release|Any CPU
		{3F68DF9C-07A2-4DA7-99B7-B4479B7F1328}.Release|Any CPU.Build.0 = Release|Any CPU
		{3F68DF9C-07A2-4DA7-99B7-B4479B7F1328}.Release|x64.ActiveCfg = Release|Any CPU
		{3F68DF9C-07A2-4DA7-99B7-B4479B7F1328}.Release|x64.Build.0 = Release|Any CPU
		{3F68DF9C-07A2-4DA7-99B7-B4479B7F1328}.Release|x86.ActiveCfg = Release|Any CPU
		{3F68DF9C-07A2-4DA7-99B7-B4479B7F1328}.Release|x86.Build.0 = Release|Any CPU
		{3B16A204-8C48-41A7-8D4E-FC5F2F84A37B}.Debug|Any CPU.ActiveCfg = Debug|Any CPU
		{3B16A204-8C48-41A7-8D4E-FC5F2F84A37B}.Debug|Any CPU.Build.0 = Debug|Any CPU
		{3B16A204-8C48-41A7-8D4E-FC5F2F84A37B}.Debug|x64.ActiveCfg = Debug|x64
		{3B16A204-8C48-41A7-8D4E-FC5F2F84A37B}.Debug|x64.Build.0 = Debug|x64
		{3B16A204-8C48-41A7-8D4E-FC5F2F84A37B}.Debug|x86.ActiveCfg = Debug|x86
		{3B16A204-8C48-41A7-8D4E-FC5F2F84A37B}.Debug|x86.Build.0 = Debug|x86
		{3B16A204-8C48-41A7-8D4E-FC5F2F84A37B}.Release|Any CPU.ActiveCfg = Release|Any CPU
		{3B16A204-8C48-41A7-8D4E-FC5F2F84A37B}.Release|Any CPU.Build.0 = Release|Any CPU
		{3B16A204-8C48-41A7-8D4E-FC5F2F84A37B}.Release|x64.ActiveCfg = Release|x64
		{3B16A204-8C48-41A7-8D4E-FC5F2F84A37B}.Release|x64.Build.0 = Release|x64
		{3B16A204-8C48-41A7-8D4E-FC5F2F84A37B}.Release|x86.ActiveCfg = Release|x86
		{3B16A204-8C48-41A7-8D4E-FC5F2F84A37B}.Release|x86.Build.0 = Release|x86
		{93154151-79BD-4B34-865D-9BE59AF63A9F}.Debug|Any CPU.ActiveCfg = Debug|Any CPU
		{93154151-79BD-4B34-865D-9BE59AF63A9F}.Debug|Any CPU.Build.0 = Debug|Any CPU
		{93154151-79BD-4B34-865D-9BE59AF63A9F}.Debug|x64.ActiveCfg = Debug|x64
		{93154151-79BD-4B34-865D-9BE59AF63A9F}.Debug|x64.Build.0 = Debug|x64
		{93154151-79BD-4B34-865D-9BE59AF63A9F}.Debug|x86.ActiveCfg = Debug|x86
		{93154151-79BD-4B34-865D-9BE59AF63A9F}.Debug|x86.Build.0 = Debug|x86
		{93154151-79BD-4B34-865D-9BE59AF63A9F}.Release|Any CPU.ActiveCfg = Release|Any CPU
		{93154151-79BD-4B34-865D-9BE59AF63A9F}.Release|Any CPU.Build.0 = Release|Any CPU
		{93154151-79BD-4B34-865D-9BE59AF63A9F}.Release|x64.ActiveCfg = Release|x64
		{93154151-79BD-4B34-865D-9BE59AF63A9F}.Release|x64.Build.0 = Release|x64
		{93154151-79BD-4B34-865D-9BE59AF63A9F}.Release|x86.ActiveCfg = Release|x86
		{93154151-79BD-4B34-865D-9BE59AF63A9F}.Release|x86.Build.0 = Release|x86
	EndGlobalSection
	GlobalSection(SolutionProperties) = preSolution
		HideSolutionNode = FALSE
	EndGlobalSection
	GlobalSection(NestedProjects) = preSolution
		{610202E0-6AE4-41DA-8258-B12CACD15107} = {216313D8-917F-430F-9524-355124BE6ECB}
		{CE978F07-4951-43B1-B68E-77F30F638805} = {216313D8-917F-430F-9524-355124BE6ECB}
		{3F68DF9C-07A2-4DA7-99B7-B4479B7F1328} = {216313D8-917F-430F-9524-355124BE6ECB}
		{3B16A204-8C48-41A7-8D4E-FC5F2F84A37B} = {0F5EDC90-14CD-40BD-AE43-AC830C2EE34E}
		{93154151-79BD-4B34-865D-9BE59AF63A9F} = {0F5EDC90-14CD-40BD-AE43-AC830C2EE34E}
	EndGlobalSection
EndGlobal
